
Microsoft Visual Studio Solution File, Format Version 12.00
# Visual Studio Version 17
VisualStudioVersion = 17.7.34202.233
MinimumVisualStudioVersion = 10.0.40219.1
Project("{9A19103F-16F7-4668-BE54-9A1E7A4F7556}") = "COQFUY_Beadando_1", "COQFUY_Beadando_1\COQFUY_Beadando_1.csproj", "{E157173F-97AF-41E9-A0A8-54D767E8A586}"
EndProject
Project("{9A19103F-16F7-4668-BE54-9A1E7A4F7556}") = "Test", "Test\Test.csproj", "{39B0C4C7-5DC6-4EF8-BC87-D72D251C3CDC}"
EndProject
Project("{FAE04EC0-301F-11D3-BF4B-00C04F79EFBC}") = "Tron_Model", "Tron_Model\Tron_Model.csproj", "{9602ECBE-0B09-4044-9C2D-0934B0A043EA}"
EndProject
Global
	GlobalSection(SolutionConfigurationPlatforms) = preSolution
		Debug|Any CPU = Debug|Any CPU
		Release|Any CPU = Release|Any CPU
	EndGlobalSection
	GlobalSection(ProjectConfigurationPlatforms) = postSolution
		{E157173F-97AF-41E9-A0A8-54D767E8A586}.Debug|Any CPU.ActiveCfg = Debug|Any CPU
		{E157173F-97AF-41E9-A0A8-54D767E8A586}.Debug|Any CPU.Build.0 = Debug|Any CPU
		{E157173F-97AF-41E9-A0A8-54D767E8A586}.Release|Any CPU.ActiveCfg = Release|Any CPU
		{E157173F-97AF-41E9-A0A8-54D767E8A586}.Release|Any CPU.Build.0 = Release|Any CPU
		{39B0C4C7-5DC6-4EF8-BC87-D72D251C3CDC}.Debug|Any CPU.ActiveCfg = Debug|Any CPU
		{39B0C4C7-5DC6-4EF8-BC87-D72D251C3CDC}.Debug|Any CPU.Build.0 = Debug|Any CPU
		{39B0C4C7-5DC6-4EF8-BC87-D72D251C3CDC}.Release|Any CPU.ActiveCfg = Release|Any CPU
		{39B0C4C7-5DC6-4EF8-BC87-D72D251C3CDC}.Release|Any CPU.Build.0 = Release|Any CPU
		{9602ECBE-0B09-4044-9C2D-0934B0A043EA}.Debug|Any CPU.ActiveCfg = Debug|Any CPU
		{9602ECBE-0B09-4044-9C2D-0934B0A043EA}.Debug|Any CPU.Build.0 = Debug|Any CPU
		{9602ECBE-0B09-4044-9C2D-0934B0A043EA}.Release|Any CPU.ActiveCfg = Release|Any CPU
		{9602ECBE-0B09-4044-9C2D-0934B0A043EA}.Release|Any CPU.Build.0 = Release|Any CPU
	EndGlobalSection
	GlobalSection(SolutionProperties) = preSolution
		HideSolutionNode = FALSE
	EndGlobalSection
	GlobalSection(ExtensibilityGlobals) = postSolution
		SolutionGuid = {039F395C-8C59-471B-AA65-16CB83BEF62C}
	EndGlobalSection
EndGlobal
